// !$*UTF8*$!
{
	archiveVersion = 1;
	classes = {
	};
	objectVersion = 51;
	objects = {

/* Begin PBXBuildFile section */
		1F23B23CD683D3886032E06F /* Pods_TFY_ImageresizerView_TFY_ImageresizerViewUITests.framework in Frameworks */ = {isa = PBXBuildFile; fileRef = 7EEECF4C7D1D9AE9062062DA /* Pods_TFY_ImageresizerView_TFY_ImageresizerViewUITests.framework */; };
		366D6ED424E631F2004F6754 /* TFY_ImageresizerSlider.m in Sources */ = {isa = PBXBuildFile; fileRef = 366D6ED324E631F2004F6754 /* TFY_ImageresizerSlider.m */; };
		366D6ED724E633D5004F6754 /* TFY_ImageresizerTool.m in Sources */ = {isa = PBXBuildFile; fileRef = 366D6ED624E633D5004F6754 /* TFY_ImageresizerTool.m */; };
		366D6EDD24E655BD004F6754 /* TFY_ExportCancelView.m in Sources */ = {isa = PBXBuildFile; fileRef = 366D6EDC24E655BD004F6754 /* TFY_ExportCancelView.m */; };
		366D6EF324E65CBC004F6754 /* Kobe.jpg in Resources */ = {isa = PBXBuildFile; fileRef = 366D6EE024E65CBC004F6754 /* Kobe.jpg */; };
		366D6EF424E65CBC004F6754 /* Flowers.jpg in Resources */ = {isa = PBXBuildFile; fileRef = 366D6EE124E65CBC004F6754 /* Flowers.jpg */; };
		366D6EF724E65CBC004F6754 /* Gem.gif in Resources */ = {isa = PBXBuildFile; fileRef = 366D6EE424E65CBC004F6754 /* Gem.gif */; };
		366D6EF824E65CBC004F6754 /* Girl8.jpg in Resources */ = {isa = PBXBuildFile; fileRef = 366D6EE524E65CBC004F6754 /* Girl8.jpg */; };
		366D6EF924E65CBC004F6754 /* yaorenmao.mov in Resources */ = {isa = PBXBuildFile; fileRef = 366D6EE624E65CBC004F6754 /* yaorenmao.mov */; };
		366D6EFA24E65CBC004F6754 /* Girl4.jpg in Resources */ = {isa = PBXBuildFile; fileRef = 366D6EE724E65CBC004F6754 /* Girl4.jpg */; };
		366D6EFB24E65CBC004F6754 /* Girl5.jpg in Resources */ = {isa = PBXBuildFile; fileRef = 366D6EE824E65CBC004F6754 /* Girl5.jpg */; };
		366D6EFC24E65CBC004F6754 /* supreme.png in Resources */ = {isa = PBXBuildFile; fileRef = 366D6EE924E65CBC004F6754 /* supreme.png */; };
		366D6EFD24E65CBC004F6754 /* Girl7.jpg in Resources */ = {isa = PBXBuildFile; fileRef = 366D6EEA24E65CBC004F6754 /* Girl7.jpg */; };
		366D6EFE24E65CBC004F6754 /* Girl6.jpg in Resources */ = {isa = PBXBuildFile; fileRef = 366D6EEB24E65CBC004F6754 /* Girl6.jpg */; };
		366D6EFF24E65CBC004F6754 /* shape.ttf in Resources */ = {isa = PBXBuildFile; fileRef = 366D6EEC24E65CBC004F6754 /* shape.ttf */; };
		366D6F0024E65CBC004F6754 /* Girl2.jpg in Resources */ = {isa = PBXBuildFile; fileRef = 366D6EED24E65CBC004F6754 /* Girl2.jpg */; };
		366D6F0124E65CBC004F6754 /* Girl3.jpg in Resources */ = {isa = PBXBuildFile; fileRef = 366D6EEE24E65CBC004F6754 /* Girl3.jpg */; };
		366D6F0224E65CBC004F6754 /* Girl1.jpg in Resources */ = {isa = PBXBuildFile; fileRef = 366D6EEF24E65CBC004F6754 /* Girl1.jpg */; };
		366D6F0324E65CBC004F6754 /* love.png in Resources */ = {isa = PBXBuildFile; fileRef = 366D6EF024E65CBC004F6754 /* love.png */; };
		366D6F0424E65CBC004F6754 /* Dilraba.gif in Resources */ = {isa = PBXBuildFile; fileRef = 366D6EF124E65CBC004F6754 /* Dilraba.gif */; };
		366D6F1224E69109004F6754 /* UIAlertController+TFY_Tools.m in Sources */ = {isa = PBXBuildFile; fileRef = 366D6F0624E69108004F6754 /* UIAlertController+TFY_Tools.m */; };
		366D6F1324E69109004F6754 /* TFY_ImagePickerController.m in Sources */ = {isa = PBXBuildFile; fileRef = 366D6F0D24E69108004F6754 /* TFY_ImagePickerController.m */; };
		366D6F1424E69109004F6754 /* TFY_ClipViewController.m in Sources */ = {isa = PBXBuildFile; fileRef = 366D6F0E24E69108004F6754 /* TFY_ClipViewController.m */; };
		366D6F1524E69109004F6754 /* TFY_ListViewController.m in Sources */ = {isa = PBXBuildFile; fileRef = 366D6F0F24E69108004F6754 /* TFY_ListViewController.m */; };
		366D6F1624E69109004F6754 /* TFY_ListViewFlowLayout.m in Sources */ = {isa = PBXBuildFile; fileRef = 366D6F1024E69108004F6754 /* TFY_ListViewFlowLayout.m */; };
		366D6F1724E69109004F6754 /* TFY_ListViewCell.m in Sources */ = {isa = PBXBuildFile; fileRef = 366D6F1124E69108004F6754 /* TFY_ListViewCell.m */; };
		36858F91249ECD5400C1903F /* ShapeListViewController.m in Sources */ = {isa = PBXBuildFile; fileRef = 36858F90249ECD5400C1903F /* ShapeListViewController.m */; };
		36858F94249ECE0B00C1903F /* TFY_ImageViewsController.m in Sources */ = {isa = PBXBuildFile; fileRef = 36858F93249ECE0B00C1903F /* TFY_ImageViewsController.m */; };
		36858F97249ED0ED00C1903F /* AttachmentFlowLayout.m in Sources */ = {isa = PBXBuildFile; fileRef = 36858F96249ED0ED00C1903F /* AttachmentFlowLayout.m */; };
		36858F9A249ED19400C1903F /* ShapeMergeCell.m in Sources */ = {isa = PBXBuildFile; fileRef = 36858F99249ED19400C1903F /* ShapeMergeCell.m */; };
		36858F9D249EEE1D00C1903F /* Digital-7.TTF in Resources */ = {isa = PBXBuildFile; fileRef = 36858F9B249EEE1D00C1903F /* Digital-7.TTF */; };
		36858F9E249EEE1D00C1903F /* Archer-BoldLF.ttf in Resources */ = {isa = PBXBuildFile; fileRef = 36858F9C249EEE1D00C1903F /* Archer-BoldLF.ttf */; };
		36858FA1249EEE4000C1903F /* UIFont+FontNameSize.m in Sources */ = {isa = PBXBuildFile; fileRef = 36858F9F249EEE3F00C1903F /* UIFont+FontNameSize.m */; };
		36C3349524ECBD6300DA6FB2 /* TFY_ImagePickerTools.m in Sources */ = {isa = PBXBuildFile; fileRef = 36C3349424ECBD6300DA6FB2 /* TFY_ImagePickerTools.m */; };
		36E124A8249DFE3000077563 /* Assets.xcassets in Resources */ = {isa = PBXBuildFile; fileRef = 36E124A7249DFE3000077563 /* Assets.xcassets */; };
		36E124AB249DFE3000077563 /* LaunchScreen.storyboard in Resources */ = {isa = PBXBuildFile; fileRef = 36E124A9249DFE3000077563 /* LaunchScreen.storyboard */; };
		36E124AE249DFE3000077563 /* main.m in Sources */ = {isa = PBXBuildFile; fileRef = 36E124AD249DFE3000077563 /* main.m */; };
		36E124C3249DFE3000077563 /* TFY_ImageresizerViewUITests.m in Sources */ = {isa = PBXBuildFile; fileRef = 36E124C2249DFE3000077563 /* TFY_ImageresizerViewUITests.m */; };
		36E124DB249DFEE100077563 /* ViewController.m in Sources */ = {isa = PBXBuildFile; fileRef = 36E124D2249DFEE100077563 /* ViewController.m */; };
		36E124DC249DFEE100077563 /* SceneDelegate.m in Sources */ = {isa = PBXBuildFile; fileRef = 36E124D7249DFEE100077563 /* SceneDelegate.m */; };
		36E124DD249DFEE100077563 /* AppDelegate.m in Sources */ = {isa = PBXBuildFile; fileRef = 36E124D8249DFEE100077563 /* AppDelegate.m */; };
		36E12501249E265000077563 /* shapeList.plist in Resources */ = {isa = PBXBuildFile; fileRef = 36E12500249E265000077563 /* shapeList.plist */; };
		36E12506249E285700077563 /* TFY_SolveTool.m in Sources */ = {isa = PBXBuildFile; fileRef = 36E12505249E285700077563 /* TFY_SolveTool.m */; };
		36E12509249E294D00077563 /* NSString+TFY_Tools.m in Sources */ = {isa = PBXBuildFile; fileRef = 36E12508249E294D00077563 /* NSString+TFY_Tools.m */; };
		36E1250F249E2A8500077563 /* UIWindow+TFY_Tools.m in Sources */ = {isa = PBXBuildFile; fileRef = 36E1250E249E2A8500077563 /* UIWindow+TFY_Tools.m */; };
		36E12513249E30B800077563 /* TFY_ImageController.m in Sources */ = {isa = PBXBuildFile; fileRef = 36E12512249E30B800077563 /* TFY_ImageController.m */; };
		38B4710365442A7C11D87749 /* Pods_TFY_ImageresizerView.framework in Frameworks */ = {isa = PBXBuildFile; fileRef = A1BA630F7D934773B5C660B8 /* Pods_TFY_ImageresizerView.framework */; };
		565EB7DE24A07A2300DED939 /* TFY_ImageresizerBlur.m in Sources */ = {isa = PBXBuildFile; fileRef = 565EB7D324A07A2300DED939 /* TFY_ImageresizerBlur.m */; };
		565EB7DF24A07A2300DED939 /* UIImage+TFY_ImageLayer.m in Sources */ = {isa = PBXBuildFile; fileRef = 565EB7D424A07A2300DED939 /* UIImage+TFY_ImageLayer.m */; };
		565EB7E124A07A2300DED939 /* TFY_ImageresizerFrame.m in Sources */ = {isa = PBXBuildFile; fileRef = 565EB7D724A07A2300DED939 /* TFY_ImageresizerFrame.m */; };
		565EB7E224A07A2300DED939 /* TFY_ImageresizerConfigure.m in Sources */ = {isa = PBXBuildFile; fileRef = 565EB7DB24A07A2300DED939 /* TFY_ImageresizerConfigure.m */; };
		565EB7E524A086E300DED939 /* TFY_PhotoTool.m in Sources */ = {isa = PBXBuildFile; fileRef = 565EB7E424A086E300DED939 /* TFY_PhotoTool.m */; };
		77BA87EE93DA3B6D698283E9 /* Pods_TFY_ImageresizerViewTests.framework in Frameworks */ = {isa = PBXBuildFile; fileRef = BB273D5CFF8CF625206C6583 /* Pods_TFY_ImageresizerViewTests.framework */; };
/* End PBXBuildFile section */

/* Begin PBXContainerItemProxy section */
		36E124BF249DFE3000077563 /* PBXContainerItemProxy */ = {
			isa = PBXContainerItemProxy;
			containerPortal = 36E12490249DFE2D00077563 /* Project object */;
			proxyType = 1;
			remoteGlobalIDString = 36E12497249DFE2D00077563;
			remoteInfo = TFY_ImageresizerView;
		};
/* End PBXContainerItemProxy section */

/* Begin PBXFileReference section */
		0C3EC4DA3785B319E452B83B /* Pods-TFY_ImageresizerView.debug.xcconfig */ = {isa = PBXFileReference; includeInIndex = 1; lastKnownFileType = text.xcconfig; name = "Pods-TFY_ImageresizerView.debug.xcconfig"; path = "Target Support Files/Pods-TFY_ImageresizerView/Pods-TFY_ImageresizerView.debug.xcconfig"; sourceTree = "<group>"; };
		16B020BFB4134B0D69D3C6CC /* Pods-TFY_ImageresizerViewTests.release.xcconfig */ = {isa = PBXFileReference; includeInIndex = 1; lastKnownFileType = text.xcconfig; name = "Pods-TFY_ImageresizerViewTests.release.xcconfig"; path = "Target Support Files/Pods-TFY_ImageresizerViewTests/Pods-TFY_ImageresizerViewTests.release.xcconfig"; sourceTree = "<group>"; };
		366D6ED224E631F2004F6754 /* TFY_ImageresizerSlider.h */ = {isa = PBXFileReference; lastKnownFileType = sourcecode.c.h; path = TFY_ImageresizerSlider.h; sourceTree = "<group>"; };
		366D6ED324E631F2004F6754 /* TFY_ImageresizerSlider.m */ = {isa = PBXFileReference; lastKnownFileType = sourcecode.c.objc; path = TFY_ImageresizerSlider.m; sourceTree = "<group>"; };
		366D6ED524E633D5004F6754 /* TFY_ImageresizerTool.h */ = {isa = PBXFileReference; lastKnownFileType = sourcecode.c.h; path = TFY_ImageresizerTool.h; sourceTree = "<group>"; };
		366D6ED624E633D5004F6754 /* TFY_ImageresizerTool.m */ = {isa = PBXFileReference; lastKnownFileType = sourcecode.c.objc; path = TFY_ImageresizerTool.m; sourceTree = "<group>"; };
		366D6EDB24E655BD004F6754 /* TFY_ExportCancelView.h */ = {isa = PBXFileReference; lastKnownFileType = sourcecode.c.h; path = TFY_ExportCancelView.h; sourceTree = "<group>"; };
		366D6EDC24E655BD004F6754 /* TFY_ExportCancelView.m */ = {isa = PBXFileReference; lastKnownFileType = sourcecode.c.objc; path = TFY_ExportCancelView.m; sourceTree = "<group>"; };
		366D6EE024E65CBC004F6754 /* Kobe.jpg */ = {isa = PBXFileReference; lastKnownFileType = image.jpeg; path = Kobe.jpg; sourceTree = "<group>"; };
		366D6EE124E65CBC004F6754 /* Flowers.jpg */ = {isa = PBXFileReference; lastKnownFileType = image.jpeg; path = Flowers.jpg; sourceTree = "<group>"; };
		366D6EE424E65CBC004F6754 /* Gem.gif */ = {isa = PBXFileReference; lastKnownFileType = image.gif; path = Gem.gif; sourceTree = "<group>"; };
		366D6EE524E65CBC004F6754 /* Girl8.jpg */ = {isa = PBXFileReference; lastKnownFileType = image.jpeg; path = Girl8.jpg; sourceTree = "<group>"; };
		366D6EE624E65CBC004F6754 /* yaorenmao.mov */ = {isa = PBXFileReference; lastKnownFileType = video.quicktime; path = yaorenmao.mov; sourceTree = "<group>"; };
		366D6EE724E65CBC004F6754 /* Girl4.jpg */ = {isa = PBXFileReference; lastKnownFileType = image.jpeg; path = Girl4.jpg; sourceTree = "<group>"; };
		366D6EE824E65CBC004F6754 /* Girl5.jpg */ = {isa = PBXFileReference; lastKnownFileType = image.jpeg; path = Girl5.jpg; sourceTree = "<group>"; };
		366D6EE924E65CBC004F6754 /* supreme.png */ = {isa = PBXFileReference; lastKnownFileType = image.png; path = supreme.png; sourceTree = "<group>"; };
		366D6EEA24E65CBC004F6754 /* Girl7.jpg */ = {isa = PBXFileReference; lastKnownFileType = image.jpeg; path = Girl7.jpg; sourceTree = "<group>"; };
		366D6EEB24E65CBC004F6754 /* Girl6.jpg */ = {isa = PBXFileReference; lastKnownFileType = image.jpeg; path = Girl6.jpg; sourceTree = "<group>"; };
		366D6EEC24E65CBC004F6754 /* shape.ttf */ = {isa = PBXFileReference; lastKnownFileType = file; path = shape.ttf; sourceTree = "<group>"; };
		366D6EED24E65CBC004F6754 /* Girl2.jpg */ = {isa = PBXFileReference; lastKnownFileType = image.jpeg; path = Girl2.jpg; sourceTree = "<group>"; };
		366D6EEE24E65CBC004F6754 /* Girl3.jpg */ = {isa = PBXFileReference; lastKnownFileType = image.jpeg; path = Girl3.jpg; sourceTree = "<group>"; };
		366D6EEF24E65CBC004F6754 /* Girl1.jpg */ = {isa = PBXFileReference; lastKnownFileType = image.jpeg; path = Girl1.jpg; sourceTree = "<group>"; };
		366D6EF024E65CBC004F6754 /* love.png */ = {isa = PBXFileReference; lastKnownFileType = image.png; path = love.png; sourceTree = "<group>"; };
		366D6EF124E65CBC004F6754 /* Dilraba.gif */ = {isa = PBXFileReference; lastKnownFileType = image.gif; path = Dilraba.gif; sourceTree = "<group>"; };
		366D6F0624E69108004F6754 /* UIAlertController+TFY_Tools.m */ = {isa = PBXFileReference; fileEncoding = 4; lastKnownFileType = sourcecode.c.objc; path = "UIAlertController+TFY_Tools.m"; sourceTree = "<group>"; };
		366D6F0724E69108004F6754 /* TFY_ImagePickerController.h */ = {isa = PBXFileReference; fileEncoding = 4; lastKnownFileType = sourcecode.c.h; path = TFY_ImagePickerController.h; sourceTree = "<group>"; };
		366D6F0824E69108004F6754 /* TFY_ClipViewController.h */ = {isa = PBXFileReference; fileEncoding = 4; lastKnownFileType = sourcecode.c.h; path = TFY_ClipViewController.h; sourceTree = "<group>"; };
		366D6F0924E69108004F6754 /* TFY_ListViewCell.h */ = {isa = PBXFileReference; fileEncoding = 4; lastKnownFileType = sourcecode.c.h; path = TFY_ListViewCell.h; sourceTree = "<group>"; };
		366D6F0A24E69108004F6754 /* TFY_ListViewFlowLayout.h */ = {isa = PBXFileReference; fileEncoding = 4; lastKnownFileType = sourcecode.c.h; path = TFY_ListViewFlowLayout.h; sourceTree = "<group>"; };
		366D6F0B24E69108004F6754 /* TFY_ListViewController.h */ = {isa = PBXFileReference; fileEncoding = 4; lastKnownFileType = sourcecode.c.h; path = TFY_ListViewController.h; sourceTree = "<group>"; };
		366D6F0C24E69108004F6754 /* UIAlertController+TFY_Tools.h */ = {isa = PBXFileReference; fileEncoding = 4; lastKnownFileType = sourcecode.c.h; path = "UIAlertController+TFY_Tools.h"; sourceTree = "<group>"; };
		366D6F0D24E69108004F6754 /* TFY_ImagePickerController.m */ = {isa = PBXFileReference; fileEncoding = 4; lastKnownFileType = sourcecode.c.objc; path = TFY_ImagePickerController.m; sourceTree = "<group>"; };
		366D6F0E24E69108004F6754 /* TFY_ClipViewController.m */ = {isa = PBXFileReference; fileEncoding = 4; lastKnownFileType = sourcecode.c.objc; path = TFY_ClipViewController.m; sourceTree = "<group>"; };
		366D6F0F24E69108004F6754 /* TFY_ListViewController.m */ = {isa = PBXFileReference; fileEncoding = 4; lastKnownFileType = sourcecode.c.objc; path = TFY_ListViewController.m; sourceTree = "<group>"; };
		366D6F1024E69108004F6754 /* TFY_ListViewFlowLayout.m */ = {isa = PBXFileReference; fileEncoding = 4; lastKnownFileType = sourcecode.c.objc; path = TFY_ListViewFlowLayout.m; sourceTree = "<group>"; };
		366D6F1124E69108004F6754 /* TFY_ListViewCell.m */ = {isa = PBXFileReference; fileEncoding = 4; lastKnownFileType = sourcecode.c.objc; path = TFY_ListViewCell.m; sourceTree = "<group>"; };
		36858F8F249ECD5400C1903F /* ShapeListViewController.h */ = {isa = PBXFileReference; lastKnownFileType = sourcecode.c.h; path = ShapeListViewController.h; sourceTree = "<group>"; };
		36858F90249ECD5400C1903F /* ShapeListViewController.m */ = {isa = PBXFileReference; lastKnownFileType = sourcecode.c.objc; path = ShapeListViewController.m; sourceTree = "<group>"; };
		36858F92249ECE0B00C1903F /* TFY_ImageViewsController.h */ = {isa = PBXFileReference; lastKnownFileType = sourcecode.c.h; path = TFY_ImageViewsController.h; sourceTree = "<group>"; };
		36858F93249ECE0B00C1903F /* TFY_ImageViewsController.m */ = {isa = PBXFileReference; lastKnownFileType = sourcecode.c.objc; path = TFY_ImageViewsController.m; sourceTree = "<group>"; };
		36858F95249ED0ED00C1903F /* AttachmentFlowLayout.h */ = {isa = PBXFileReference; lastKnownFileType = sourcecode.c.h; path = AttachmentFlowLayout.h; sourceTree = "<group>"; };
		36858F96249ED0ED00C1903F /* AttachmentFlowLayout.m */ = {isa = PBXFileReference; lastKnownFileType = sourcecode.c.objc; path = AttachmentFlowLayout.m; sourceTree = "<group>"; };
		36858F98249ED19400C1903F /* ShapeMergeCell.h */ = {isa = PBXFileReference; lastKnownFileType = sourcecode.c.h; path = ShapeMergeCell.h; sourceTree = "<group>"; };
		36858F99249ED19400C1903F /* ShapeMergeCell.m */ = {isa = PBXFileReference; lastKnownFileType = sourcecode.c.objc; path = ShapeMergeCell.m; sourceTree = "<group>"; };
		36858F9B249EEE1D00C1903F /* Digital-7.TTF */ = {isa = PBXFileReference; lastKnownFileType = file; path = "Digital-7.TTF"; sourceTree = "<group>"; };
		36858F9C249EEE1D00C1903F /* Archer-BoldLF.ttf */ = {isa = PBXFileReference; lastKnownFileType = file; path = "Archer-BoldLF.ttf"; sourceTree = "<group>"; };
		36858F9F249EEE3F00C1903F /* UIFont+FontNameSize.m */ = {isa = PBXFileReference; fileEncoding = 4; lastKnownFileType = sourcecode.c.objc; path = "UIFont+FontNameSize.m"; sourceTree = "<group>"; };
		36858FA0249EEE3F00C1903F /* UIFont+FontNameSize.h */ = {isa = PBXFileReference; fileEncoding = 4; lastKnownFileType = sourcecode.c.h; path = "UIFont+FontNameSize.h"; sourceTree = "<group>"; };
		36C3349324ECBD6300DA6FB2 /* TFY_ImagePickerTools.h */ = {isa = PBXFileReference; lastKnownFileType = sourcecode.c.h; path = TFY_ImagePickerTools.h; sourceTree = "<group>"; };
		36C3349424ECBD6300DA6FB2 /* TFY_ImagePickerTools.m */ = {isa = PBXFileReference; lastKnownFileType = sourcecode.c.objc; path = TFY_ImagePickerTools.m; sourceTree = "<group>"; };
		36E12498249DFE2D00077563 /* 图片裁剪.app */ = {isa = PBXFileReference; explicitFileType = wrapper.application; includeInIndex = 0; path = "图片裁剪.app"; sourceTree = BUILT_PRODUCTS_DIR; };
		36E124A7249DFE3000077563 /* Assets.xcassets */ = {isa = PBXFileReference; lastKnownFileType = folder.assetcatalog; path = Assets.xcassets; sourceTree = "<group>"; };
		36E124AA249DFE3000077563 /* Base */ = {isa = PBXFileReference; lastKnownFileType = file.storyboard; name = Base; path = Base.lproj/LaunchScreen.storyboard; sourceTree = "<group>"; };
		36E124AC249DFE3000077563 /* Info.plist */ = {isa = PBXFileReference; lastKnownFileType = text.plist.xml; path = Info.plist; sourceTree = "<group>"; };
		36E124AD249DFE3000077563 /* main.m */ = {isa = PBXFileReference; lastKnownFileType = sourcecode.c.objc; path = main.m; sourceTree = "<group>"; };
		36E124B3249DFE3000077563 /* TFY_ImageresizerViewTests.xctest */ = {isa = PBXFileReference; explicitFileType = wrapper.cfbundle; includeInIndex = 0; path = TFY_ImageresizerViewTests.xctest; sourceTree = BUILT_PRODUCTS_DIR; };
		36E124B7249DFE3000077563 /* TFY_ImageresizerViewTests.m */ = {isa = PBXFileReference; lastKnownFileType = sourcecode.c.objc; path = TFY_ImageresizerViewTests.m; sourceTree = "<group>"; };
		36E124B9249DFE3000077563 /* Info.plist */ = {isa = PBXFileReference; lastKnownFileType = text.plist.xml; path = Info.plist; sourceTree = "<group>"; };
		36E124BE249DFE3000077563 /* TFY_ImageresizerViewUITests.xctest */ = {isa = PBXFileReference; explicitFileType = wrapper.cfbundle; includeInIndex = 0; path = TFY_ImageresizerViewUITests.xctest; sourceTree = BUILT_PRODUCTS_DIR; };
		36E124C2249DFE3000077563 /* TFY_ImageresizerViewUITests.m */ = {isa = PBXFileReference; lastKnownFileType = sourcecode.c.objc; path = TFY_ImageresizerViewUITests.m; sourceTree = "<group>"; };
		36E124C4249DFE3000077563 /* Info.plist */ = {isa = PBXFileReference; lastKnownFileType = text.plist.xml; path = Info.plist; sourceTree = "<group>"; };
		36E124D2249DFEE100077563 /* ViewController.m */ = {isa = PBXFileReference; fileEncoding = 4; lastKnownFileType = sourcecode.c.objc; path = ViewController.m; sourceTree = "<group>"; };
		36E124D3249DFEE100077563 /* ViewController.h */ = {isa = PBXFileReference; fileEncoding = 4; lastKnownFileType = sourcecode.c.h; path = ViewController.h; sourceTree = "<group>"; };
		36E124D6249DFEE100077563 /* AppDelegate.h */ = {isa = PBXFileReference; fileEncoding = 4; lastKnownFileType = sourcecode.c.h; path = AppDelegate.h; sourceTree = "<group>"; };
		36E124D7249DFEE100077563 /* SceneDelegate.m */ = {isa = PBXFileReference; fileEncoding = 4; lastKnownFileType = sourcecode.c.objc; path = SceneDelegate.m; sourceTree = "<group>"; };
		36E124D8249DFEE100077563 /* AppDelegate.m */ = {isa = PBXFileReference; fileEncoding = 4; lastKnownFileType = sourcecode.c.objc; path = AppDelegate.m; sourceTree = "<group>"; };
		36E124D9249DFEE100077563 /* SceneDelegate.h */ = {isa = PBXFileReference; fileEncoding = 4; lastKnownFileType = sourcecode.c.h; path = SceneDelegate.h; sourceTree = "<group>"; };
		36E124FF249E257500077563 /* TFY_PrefixHeader.pch */ = {isa = PBXFileReference; fileEncoding = 4; lastKnownFileType = sourcecode.c.h; path = TFY_PrefixHeader.pch; sourceTree = "<group>"; };
		36E12500249E265000077563 /* shapeList.plist */ = {isa = PBXFileReference; fileEncoding = 4; lastKnownFileType = text.plist.xml; path = shapeList.plist; sourceTree = "<group>"; };
		36E12502249E265B00077563 /* shape.ttf */ = {isa = PBXFileReference; lastKnownFileType = file; path = shape.ttf; sourceTree = "<group>"; };
		36E12504249E285700077563 /* TFY_SolveTool.h */ = {isa = PBXFileReference; lastKnownFileType = sourcecode.c.h; path = TFY_SolveTool.h; sourceTree = "<group>"; };
		36E12505249E285700077563 /* TFY_SolveTool.m */ = {isa = PBXFileReference; lastKnownFileType = sourcecode.c.objc; path = TFY_SolveTool.m; sourceTree = "<group>"; };
		36E12507249E294D00077563 /* NSString+TFY_Tools.h */ = {isa = PBXFileReference; lastKnownFileType = sourcecode.c.h; path = "NSString+TFY_Tools.h"; sourceTree = "<group>"; };
		36E12508249E294D00077563 /* NSString+TFY_Tools.m */ = {isa = PBXFileReference; lastKnownFileType = sourcecode.c.objc; path = "NSString+TFY_Tools.m"; sourceTree = "<group>"; };
		36E1250D249E2A8500077563 /* UIWindow+TFY_Tools.h */ = {isa = PBXFileReference; lastKnownFileType = sourcecode.c.h; path = "UIWindow+TFY_Tools.h"; sourceTree = "<group>"; };
		36E1250E249E2A8500077563 /* UIWindow+TFY_Tools.m */ = {isa = PBXFileReference; lastKnownFileType = sourcecode.c.objc; path = "UIWindow+TFY_Tools.m"; sourceTree = "<group>"; };
		36E12511249E30B800077563 /* TFY_ImageController.h */ = {isa = PBXFileReference; lastKnownFileType = sourcecode.c.h; path = TFY_ImageController.h; sourceTree = "<group>"; };
		36E12512249E30B800077563 /* TFY_ImageController.m */ = {isa = PBXFileReference; lastKnownFileType = sourcecode.c.objc; path = TFY_ImageController.m; sourceTree = "<group>"; };
		36EE10FF250A164300D24B3C /* TFY_ImageersizeKit.h */ = {isa = PBXFileReference; lastKnownFileType = sourcecode.c.h; path = TFY_ImageersizeKit.h; sourceTree = "<group>"; };
		3743B44BA1EA19383D822406 /* Pods-TFY_ImageresizerViewTests.debug.xcconfig */ = {isa = PBXFileReference; includeInIndex = 1; lastKnownFileType = text.xcconfig; name = "Pods-TFY_ImageresizerViewTests.debug.xcconfig"; path = "Target Support Files/Pods-TFY_ImageresizerViewTests/Pods-TFY_ImageresizerViewTests.debug.xcconfig"; sourceTree = "<group>"; };
		565EB7D224A07A2300DED939 /* TFY_ImageresizerFrame.h */ = {isa = PBXFileReference; fileEncoding = 4; lastKnownFileType = sourcecode.c.h; path = TFY_ImageresizerFrame.h; sourceTree = "<group>"; };
		565EB7D324A07A2300DED939 /* TFY_ImageresizerBlur.m */ = {isa = PBXFileReference; fileEncoding = 4; lastKnownFileType = sourcecode.c.objc; path = TFY_ImageresizerBlur.m; sourceTree = "<group>"; };
		565EB7D424A07A2300DED939 /* UIImage+TFY_ImageLayer.m */ = {isa = PBXFileReference; fileEncoding = 4; lastKnownFileType = sourcecode.c.objc; path = "UIImage+TFY_ImageLayer.m"; sourceTree = "<group>"; };
		565EB7D524A07A2300DED939 /* TFY_ImageresizerConfigure.h */ = {isa = PBXFileReference; fileEncoding = 4; lastKnownFileType = sourcecode.c.h; path = TFY_ImageresizerConfigure.h; sourceTree = "<group>"; };
		565EB7D624A07A2300DED939 /* TFY_ImageresizerView.m */ = {isa = PBXFileReference; fileEncoding = 4; lastKnownFileType = sourcecode.c.objc; path = TFY_ImageresizerView.m; sourceTree = "<group>"; };
		565EB7D724A07A2300DED939 /* TFY_ImageresizerFrame.m */ = {isa = PBXFileReference; fileEncoding = 4; lastKnownFileType = sourcecode.c.objc; path = TFY_ImageresizerFrame.m; sourceTree = "<group>"; };
		565EB7D824A07A2300DED939 /* TFY_ImageresizerType.h */ = {isa = PBXFileReference; fileEncoding = 4; lastKnownFileType = sourcecode.c.h; path = TFY_ImageresizerType.h; sourceTree = "<group>"; };
		565EB7D924A07A2300DED939 /* TFY_ImageresizerBlur.h */ = {isa = PBXFileReference; fileEncoding = 4; lastKnownFileType = sourcecode.c.h; path = TFY_ImageresizerBlur.h; sourceTree = "<group>"; };
		565EB7DA24A07A2300DED939 /* UIImage+TFY_ImageLayer.h */ = {isa = PBXFileReference; fileEncoding = 4; lastKnownFileType = sourcecode.c.h; path = "UIImage+TFY_ImageLayer.h"; sourceTree = "<group>"; };
		565EB7DB24A07A2300DED939 /* TFY_ImageresizerConfigure.m */ = {isa = PBXFileReference; fileEncoding = 4; lastKnownFileType = sourcecode.c.objc; path = TFY_ImageresizerConfigure.m; sourceTree = "<group>"; };
		565EB7DC24A07A2300DED939 /* TFY_ImageresizerView.h */ = {isa = PBXFileReference; fileEncoding = 4; lastKnownFileType = sourcecode.c.h; path = TFY_ImageresizerView.h; sourceTree = "<group>"; };
		565EB7E324A086E300DED939 /* TFY_PhotoTool.h */ = {isa = PBXFileReference; lastKnownFileType = sourcecode.c.h; path = TFY_PhotoTool.h; sourceTree = "<group>"; };
		565EB7E424A086E300DED939 /* TFY_PhotoTool.m */ = {isa = PBXFileReference; lastKnownFileType = sourcecode.c.objc; path = TFY_PhotoTool.m; sourceTree = "<group>"; };
		7EEECF4C7D1D9AE9062062DA /* Pods_TFY_ImageresizerView_TFY_ImageresizerViewUITests.framework */ = {isa = PBXFileReference; explicitFileType = wrapper.framework; includeInIndex = 0; path = Pods_TFY_ImageresizerView_TFY_ImageresizerViewUITests.framework; sourceTree = BUILT_PRODUCTS_DIR; };
		9933DA01232BFE672335564F /* Pods-TFY_ImageresizerView-TFY_ImageresizerViewUITests.release.xcconfig */ = {isa = PBXFileReference; includeInIndex = 1; lastKnownFileType = text.xcconfig; name = "Pods-TFY_ImageresizerView-TFY_ImageresizerViewUITests.release.xcconfig"; path = "Target Support Files/Pods-TFY_ImageresizerView-TFY_ImageresizerViewUITests/Pods-TFY_ImageresizerView-TFY_ImageresizerViewUITests.release.xcconfig"; sourceTree = "<group>"; };
		A1BA630F7D934773B5C660B8 /* Pods_TFY_ImageresizerView.framework */ = {isa = PBXFileReference; explicitFileType = wrapper.framework; includeInIndex = 0; path = Pods_TFY_ImageresizerView.framework; sourceTree = BUILT_PRODUCTS_DIR; };
		BB273D5CFF8CF625206C6583 /* Pods_TFY_ImageresizerViewTests.framework */ = {isa = PBXFileReference; explicitFileType = wrapper.framework; includeInIndex = 0; path = Pods_TFY_ImageresizerViewTests.framework; sourceTree = BUILT_PRODUCTS_DIR; };
		CA92D871934443CCF85952E0 /* Pods-TFY_ImageresizerView-TFY_ImageresizerViewUITests.debug.xcconfig */ = {isa = PBXFileReference; includeInIndex = 1; lastKnownFileType = text.xcconfig; name = "Pods-TFY_ImageresizerView-TFY_ImageresizerViewUITests.debug.xcconfig"; path = "Target Support Files/Pods-TFY_ImageresizerView-TFY_ImageresizerViewUITests/Pods-TFY_ImageresizerView-TFY_ImageresizerViewUITests.debug.xcconfig"; sourceTree = "<group>"; };
		F9F62C7CA5069A26F253BB5E /* Pods-TFY_ImageresizerView.release.xcconfig */ = {isa = PBXFileReference; includeInIndex = 1; lastKnownFileType = text.xcconfig; name = "Pods-TFY_ImageresizerView.release.xcconfig"; path = "Target Support Files/Pods-TFY_ImageresizerView/Pods-TFY_ImageresizerView.release.xcconfig"; sourceTree = "<group>"; };
/* End PBXFileReference section */

/* Begin PBXFrameworksBuildPhase section */
		36E12495249DFE2D00077563 /* Frameworks */ = {
			isa = PBXFrameworksBuildPhase;
			buildActionMask = 2147483647;
			files = (
				38B4710365442A7C11D87749 /* Pods_TFY_ImageresizerView.framework in Frameworks */,
			);
			runOnlyForDeploymentPostprocessing = 0;
		};
		36E124B0249DFE3000077563 /* Frameworks */ = {
			isa = PBXFrameworksBuildPhase;
			buildActionMask = 2147483647;
			files = (
				77BA87EE93DA3B6D698283E9 /* Pods_TFY_ImageresizerViewTests.framework in Frameworks */,
			);
			runOnlyForDeploymentPostprocessing = 0;
		};
		36E124BB249DFE3000077563 /* Frameworks */ = {
			isa = PBXFrameworksBuildPhase;
			buildActionMask = 2147483647;
			files = (
				1F23B23CD683D3886032E06F /* Pods_TFY_ImageresizerView_TFY_ImageresizerViewUITests.framework in Frameworks */,
			);
			runOnlyForDeploymentPostprocessing = 0;
		};
/* End PBXFrameworksBuildPhase section */

/* Begin PBXGroup section */
		366D6EDE24E65CBC004F6754 /* imagepic */ = {
			isa = PBXGroup;
			children = (
				366D6EE024E65CBC004F6754 /* Kobe.jpg */,
				366D6EE124E65CBC004F6754 /* Flowers.jpg */,
				366D6EE424E65CBC004F6754 /* Gem.gif */,
				366D6EE524E65CBC004F6754 /* Girl8.jpg */,
				366D6EE624E65CBC004F6754 /* yaorenmao.mov */,
				366D6EE724E65CBC004F6754 /* Girl4.jpg */,
				366D6EE824E65CBC004F6754 /* Girl5.jpg */,
				366D6EE924E65CBC004F6754 /* supreme.png */,
				366D6EEA24E65CBC004F6754 /* Girl7.jpg */,
				366D6EEB24E65CBC004F6754 /* Girl6.jpg */,
				366D6EEC24E65CBC004F6754 /* shape.ttf */,
				366D6EED24E65CBC004F6754 /* Girl2.jpg */,
				366D6EEE24E65CBC004F6754 /* Girl3.jpg */,
				366D6EEF24E65CBC004F6754 /* Girl1.jpg */,
				366D6EF024E65CBC004F6754 /* love.png */,
				366D6EF124E65CBC004F6754 /* Dilraba.gif */,
			);
			path = imagepic;
			sourceTree = "<group>";
		};
		366D6F0524E69108004F6754 /* TFY_ImageController */ = {
			isa = PBXGroup;
			children = (
				366D6F0924E69108004F6754 /* TFY_ListViewCell.h */,
				366D6F1124E69108004F6754 /* TFY_ListViewCell.m */,
				366D6F0724E69108004F6754 /* TFY_ImagePickerController.h */,
				366D6F0D24E69108004F6754 /* TFY_ImagePickerController.m */,
				366D6F0824E69108004F6754 /* TFY_ClipViewController.h */,
				366D6F0E24E69108004F6754 /* TFY_ClipViewController.m */,
				366D6F0A24E69108004F6754 /* TFY_ListViewFlowLayout.h */,
				366D6F1024E69108004F6754 /* TFY_ListViewFlowLayout.m */,
				366D6F0B24E69108004F6754 /* TFY_ListViewController.h */,
				366D6F0F24E69108004F6754 /* TFY_ListViewController.m */,
				366D6F0C24E69108004F6754 /* UIAlertController+TFY_Tools.h */,
				366D6F0624E69108004F6754 /* UIAlertController+TFY_Tools.m */,
			);
			path = TFY_ImageController;
			sourceTree = "<group>";
		};
		36858F8E249ECD2F00C1903F /* TFY_ShapeList */ = {
			isa = PBXGroup;
			children = (
				36858F8F249ECD5400C1903F /* ShapeListViewController.h */,
				36858F90249ECD5400C1903F /* ShapeListViewController.m */,
				36858F95249ED0ED00C1903F /* AttachmentFlowLayout.h */,
				36858F96249ED0ED00C1903F /* AttachmentFlowLayout.m */,
				36858F98249ED19400C1903F /* ShapeMergeCell.h */,
				36858F99249ED19400C1903F /* ShapeMergeCell.m */,
			);
			path = TFY_ShapeList;
			sourceTree = "<group>";
		};
		36E1248F249DFE2D00077563 = {
			isa = PBXGroup;
			children = (
				36E1249A249DFE2D00077563 /* TFY_ImageresizerView */,
				36E124B6249DFE3000077563 /* TFY_ImageresizerViewTests */,
				36E124C1249DFE3000077563 /* TFY_ImageresizerViewUITests */,
				36E12499249DFE2D00077563 /* Products */,
				6792086F913B66E373C1B9D4 /* Pods */,
				99C1286FF26ADC00FB4395FB /* Frameworks */,
			);
			sourceTree = "<group>";
		};
		36E12499249DFE2D00077563 /* Products */ = {
			isa = PBXGroup;
			children = (
				36E12498249DFE2D00077563 /* 图片裁剪.app */,
				36E124B3249DFE3000077563 /* TFY_ImageresizerViewTests.xctest */,
				36E124BE249DFE3000077563 /* TFY_ImageresizerViewUITests.xctest */,
			);
			name = Products;
			sourceTree = "<group>";
		};
		36E1249A249DFE2D00077563 /* TFY_ImageresizerView */ = {
			isa = PBXGroup;
			children = (
				366D6EDE24E65CBC004F6754 /* imagepic */,
				36E12503249E283000077563 /* TFY_Helper */,
				36E124D5249DFEE100077563 /* TFY_AppDelegate */,
				36E124D0249DFEE100077563 /* TFY_CLass */,
				36E124DA249DFEE100077563 /* TFY_ImageersizeKit */,
				36E124D4249DFEE100077563 /* TFY_PCH */,
				36E124A7249DFE3000077563 /* Assets.xcassets */,
				36E124A9249DFE3000077563 /* LaunchScreen.storyboard */,
				36E124AC249DFE3000077563 /* Info.plist */,
				36E124AD249DFE3000077563 /* main.m */,
			);
			path = TFY_ImageresizerView;
			sourceTree = "<group>";
		};
		36E124B6249DFE3000077563 /* TFY_ImageresizerViewTests */ = {
			isa = PBXGroup;
			children = (
				36E124B7249DFE3000077563 /* TFY_ImageresizerViewTests.m */,
				36E124B9249DFE3000077563 /* Info.plist */,
			);
			path = TFY_ImageresizerViewTests;
			sourceTree = "<group>";
		};
		36E124C1249DFE3000077563 /* TFY_ImageresizerViewUITests */ = {
			isa = PBXGroup;
			children = (
				36E124C2249DFE3000077563 /* TFY_ImageresizerViewUITests.m */,
				36E124C4249DFE3000077563 /* Info.plist */,
			);
			path = TFY_ImageresizerViewUITests;
			sourceTree = "<group>";
		};
		36E124D0249DFEE100077563 /* TFY_CLass */ = {
			isa = PBXGroup;
			children = (
				366D6F0524E69108004F6754 /* TFY_ImageController */,
				36858F8E249ECD2F00C1903F /* TFY_ShapeList */,
				36E124D1249DFEE100077563 /* Controller */,
			);
			path = TFY_CLass;
			sourceTree = "<group>";
		};
		36E124D1249DFEE100077563 /* Controller */ = {
			isa = PBXGroup;
			children = (
				36E124D3249DFEE100077563 /* ViewController.h */,
				36E124D2249DFEE100077563 /* ViewController.m */,
				36E12511249E30B800077563 /* TFY_ImageController.h */,
				36E12512249E30B800077563 /* TFY_ImageController.m */,
				36858F92249ECE0B00C1903F /* TFY_ImageViewsController.h */,
				36858F93249ECE0B00C1903F /* TFY_ImageViewsController.m */,
				366D6EDB24E655BD004F6754 /* TFY_ExportCancelView.h */,
				366D6EDC24E655BD004F6754 /* TFY_ExportCancelView.m */,
			);
			path = Controller;
			sourceTree = "<group>";
		};
		36E124D4249DFEE100077563 /* TFY_PCH */ = {
			isa = PBXGroup;
			children = (
				36858FA0249EEE3F00C1903F /* UIFont+FontNameSize.h */,
				36858F9F249EEE3F00C1903F /* UIFont+FontNameSize.m */,
				36858F9C249EEE1D00C1903F /* Archer-BoldLF.ttf */,
				36858F9B249EEE1D00C1903F /* Digital-7.TTF */,
				36E12502249E265B00077563 /* shape.ttf */,
				36E12500249E265000077563 /* shapeList.plist */,
				36E124FF249E257500077563 /* TFY_PrefixHeader.pch */,
			);
			path = TFY_PCH;
			sourceTree = "<group>";
		};
		36E124D5249DFEE100077563 /* TFY_AppDelegate */ = {
			isa = PBXGroup;
			children = (
				36E124D6249DFEE100077563 /* AppDelegate.h */,
				36E124D8249DFEE100077563 /* AppDelegate.m */,
				36E124D9249DFEE100077563 /* SceneDelegate.h */,
				36E124D7249DFEE100077563 /* SceneDelegate.m */,
			);
			path = TFY_AppDelegate;
			sourceTree = "<group>";
		};
		36E124DA249DFEE100077563 /* TFY_ImageersizeKit */ = {
			isa = PBXGroup;
			children = (
				36EE10FF250A164300D24B3C /* TFY_ImageersizeKit.h */,
				565EB7D124A07A2300DED939 /* TFY_ImageSizeTools */,
			);
			path = TFY_ImageersizeKit;
			sourceTree = "<group>";
		};
		36E12503249E283000077563 /* TFY_Helper */ = {
			isa = PBXGroup;
			children = (
				36E12504249E285700077563 /* TFY_SolveTool.h */,
				36E12505249E285700077563 /* TFY_SolveTool.m */,
				36E12507249E294D00077563 /* NSString+TFY_Tools.h */,
				36E12508249E294D00077563 /* NSString+TFY_Tools.m */,
				36E1250D249E2A8500077563 /* UIWindow+TFY_Tools.h */,
				36E1250E249E2A8500077563 /* UIWindow+TFY_Tools.m */,
			);
			path = TFY_Helper;
			sourceTree = "<group>";
		};
		565EB7D124A07A2300DED939 /* TFY_ImageSizeTools */ = {
			isa = PBXGroup;
			children = (
				565EB7D824A07A2300DED939 /* TFY_ImageresizerType.h */,
				565EB7D524A07A2300DED939 /* TFY_ImageresizerConfigure.h */,
				565EB7DB24A07A2300DED939 /* TFY_ImageresizerConfigure.m */,
				565EB7D924A07A2300DED939 /* TFY_ImageresizerBlur.h */,
				565EB7D324A07A2300DED939 /* TFY_ImageresizerBlur.m */,
				565EB7D224A07A2300DED939 /* TFY_ImageresizerFrame.h */,
				565EB7D724A07A2300DED939 /* TFY_ImageresizerFrame.m */,
				565EB7DA24A07A2300DED939 /* UIImage+TFY_ImageLayer.h */,
				565EB7D424A07A2300DED939 /* UIImage+TFY_ImageLayer.m */,
				565EB7DC24A07A2300DED939 /* TFY_ImageresizerView.h */,
				565EB7D624A07A2300DED939 /* TFY_ImageresizerView.m */,
				565EB7E324A086E300DED939 /* TFY_PhotoTool.h */,
				565EB7E424A086E300DED939 /* TFY_PhotoTool.m */,
				366D6ED224E631F2004F6754 /* TFY_ImageresizerSlider.h */,
				366D6ED324E631F2004F6754 /* TFY_ImageresizerSlider.m */,
				366D6ED524E633D5004F6754 /* TFY_ImageresizerTool.h */,
				366D6ED624E633D5004F6754 /* TFY_ImageresizerTool.m */,
				36C3349324ECBD6300DA6FB2 /* TFY_ImagePickerTools.h */,
				36C3349424ECBD6300DA6FB2 /* TFY_ImagePickerTools.m */,
			);
			path = TFY_ImageSizeTools;
			sourceTree = "<group>";
		};
		6792086F913B66E373C1B9D4 /* Pods */ = {
			isa = PBXGroup;
			children = (
				0C3EC4DA3785B319E452B83B /* Pods-TFY_ImageresizerView.debug.xcconfig */,
				F9F62C7CA5069A26F253BB5E /* Pods-TFY_ImageresizerView.release.xcconfig */,
				CA92D871934443CCF85952E0 /* Pods-TFY_ImageresizerView-TFY_ImageresizerViewUITests.debug.xcconfig */,
				9933DA01232BFE672335564F /* Pods-TFY_ImageresizerView-TFY_ImageresizerViewUITests.release.xcconfig */,
				3743B44BA1EA19383D822406 /* Pods-TFY_ImageresizerViewTests.debug.xcconfig */,
				16B020BFB4134B0D69D3C6CC /* Pods-TFY_ImageresizerViewTests.release.xcconfig */,
			);
			path = Pods;
			sourceTree = "<group>";
		};
		99C1286FF26ADC00FB4395FB /* Frameworks */ = {
			isa = PBXGroup;
			children = (
				A1BA630F7D934773B5C660B8 /* Pods_TFY_ImageresizerView.framework */,
				7EEECF4C7D1D9AE9062062DA /* Pods_TFY_ImageresizerView_TFY_ImageresizerViewUITests.framework */,
				BB273D5CFF8CF625206C6583 /* Pods_TFY_ImageresizerViewTests.framework */,
			);
			name = Frameworks;
			sourceTree = "<group>";
		};
/* End PBXGroup section */

/* Begin PBXNativeTarget section */
		36E12497249DFE2D00077563 /* TFY_ImageresizerView */ = {
			isa = PBXNativeTarget;
			buildConfigurationList = 36E124C7249DFE3000077563 /* Build configuration list for PBXNativeTarget "TFY_ImageresizerView" */;
			buildPhases = (
				88C76799787E64D63AFA937C /* [CP] Check Pods Manifest.lock */,
				36E12494249DFE2D00077563 /* Sources */,
				36E12495249DFE2D00077563 /* Frameworks */,
				36E12496249DFE2D00077563 /* Resources */,
				7FB7A2A98F93396D48B2CDEE /* [CP] Embed Pods Frameworks */,
			);
			buildRules = (
			);
			dependencies = (
			);
			name = TFY_ImageresizerView;
			productName = TFY_ImageresizerView;
			productReference = 36E12498249DFE2D00077563 /* 图片裁剪.app */;
			productType = "com.apple.product-type.application";
		};
		36E124B2249DFE3000077563 /* TFY_ImageresizerViewTests */ = {
			isa = PBXNativeTarget;
			buildConfigurationList = 36E124CA249DFE3000077563 /* Build configuration list for PBXNativeTarget "TFY_ImageresizerViewTests" */;
			buildPhases = (
				F2BD8753DFD8A2C102ED968E /* [CP] Check Pods Manifest.lock */,
				36E124AF249DFE3000077563 /* Sources */,
				36E124B0249DFE3000077563 /* Frameworks */,
				36E124B1249DFE3000077563 /* Resources */,
			);
			buildRules = (
			);
			dependencies = (
			);
			name = TFY_ImageresizerViewTests;
			productName = TFY_ImageresizerViewTests;
			productReference = 36E124B3249DFE3000077563 /* TFY_ImageresizerViewTests.xctest */;
			productType = "com.apple.product-type.bundle.unit-test";
		};
		36E124BD249DFE3000077563 /* TFY_ImageresizerViewUITests */ = {
			isa = PBXNativeTarget;
			buildConfigurationList = 36E124CD249DFE3000077563 /* Build configuration list for PBXNativeTarget "TFY_ImageresizerViewUITests" */;
			buildPhases = (
				C5205C37AA3F6953EE13D097 /* [CP] Check Pods Manifest.lock */,
				36E124BA249DFE3000077563 /* Sources */,
				36E124BB249DFE3000077563 /* Frameworks */,
				36E124BC249DFE3000077563 /* Resources */,
				DE21A9E73C4D98643332D485 /* [CP] Embed Pods Frameworks */,
			);
			buildRules = (
			);
			dependencies = (
				36E124C0249DFE3000077563 /* PBXTargetDependency */,
			);
			name = TFY_ImageresizerViewUITests;
			productName = TFY_ImageresizerViewUITests;
			productReference = 36E124BE249DFE3000077563 /* TFY_ImageresizerViewUITests.xctest */;
			productType = "com.apple.product-type.bundle.ui-testing";
		};
/* End PBXNativeTarget section */

/* Begin PBXProject section */
		36E12490249DFE2D00077563 /* Project object */ = {
			isa = PBXProject;
			attributes = {
				LastUpgradeCheck = 1210;
				ORGANIZATIONNAME = "田风有";
				TargetAttributes = {
					36E12497249DFE2D00077563 = {
						CreatedOnToolsVersion = 11.5;
					};
					36E124B2249DFE3000077563 = {
						CreatedOnToolsVersion = 11.5;
						TestTargetID = 36E12497249DFE2D00077563;
					};
					36E124BD249DFE3000077563 = {
						CreatedOnToolsVersion = 11.5;
						TestTargetID = 36E12497249DFE2D00077563;
					};
				};
			};
			buildConfigurationList = 36E12493249DFE2D00077563 /* Build configuration list for PBXProject "TFY_ImageresizerView" */;
			compatibilityVersion = "Xcode 9.3";
			developmentRegion = en;
			hasScannedForEncodings = 0;
			knownRegions = (
				en,
				Base,
			);
			mainGroup = 36E1248F249DFE2D00077563;
			productRefGroup = 36E12499249DFE2D00077563 /* Products */;
			projectDirPath = "";
			projectRoot = "";
			targets = (
				36E12497249DFE2D00077563 /* TFY_ImageresizerView */,
				36E124B2249DFE3000077563 /* TFY_ImageresizerViewTests */,
				36E124BD249DFE3000077563 /* TFY_ImageresizerViewUITests */,
			);
		};
/* End PBXProject section */

/* Begin PBXResourcesBuildPhase section */
		36E12496249DFE2D00077563 /* Resources */ = {
			isa = PBXResourcesBuildPhase;
			buildActionMask = 2147483647;
			files = (
				366D6EF824E65CBC004F6754 /* Girl8.jpg in Resources */,
				366D6EF724E65CBC004F6754 /* Gem.gif in Resources */,
				366D6EF924E65CBC004F6754 /* yaorenmao.mov in Resources */,
				366D6EF324E65CBC004F6754 /* Kobe.jpg in Resources */,
				366D6F0124E65CBC004F6754 /* Girl3.jpg in Resources */,
				366D6EF424E65CBC004F6754 /* Flowers.jpg in Resources */,
				366D6EFE24E65CBC004F6754 /* Girl6.jpg in Resources */,
				36858F9D249EEE1D00C1903F /* Digital-7.TTF in Resources */,
				366D6F0224E65CBC004F6754 /* Girl1.jpg in Resources */,
				36E124AB249DFE3000077563 /* LaunchScreen.storyboard in Resources */,
				366D6F0024E65CBC004F6754 /* Girl2.jpg in Resources */,
				36E12501249E265000077563 /* shapeList.plist in Resources */,
				366D6EFC24E65CBC004F6754 /* supreme.png in Resources */,
				366D6EFB24E65CBC004F6754 /* Girl5.jpg in Resources */,
				366D6F0324E65CBC004F6754 /* love.png in Resources */,
				366D6EFA24E65CBC004F6754 /* Girl4.jpg in Resources */,
				36858F9E249EEE1D00C1903F /* Archer-BoldLF.ttf in Resources */,
				36E124A8249DFE3000077563 /* Assets.xcassets in Resources */,
				366D6F0424E65CBC004F6754 /* Dilraba.gif in Resources */,
				366D6EFF24E65CBC004F6754 /* shape.ttf in Resources */,
				366D6EFD24E65CBC004F6754 /* Girl7.jpg in Resources */,
			);
			runOnlyForDeploymentPostprocessing = 0;
		};
		36E124B1249DFE3000077563 /* Resources */ = {
			isa = PBXResourcesBuildPhase;
			buildActionMask = 2147483647;
			files = (
			);
			runOnlyForDeploymentPostprocessing = 0;
		};
		36E124BC249DFE3000077563 /* Resources */ = {
			isa = PBXResourcesBuildPhase;
			buildActionMask = 2147483647;
			files = (
			);
			runOnlyForDeploymentPostprocessing = 0;
		};
/* End PBXResourcesBuildPhase section */

/* Begin PBXShellScriptBuildPhase section */
		7FB7A2A98F93396D48B2CDEE /* [CP] Embed Pods Frameworks */ = {
			isa = PBXShellScriptBuildPhase;
			buildActionMask = 2147483647;
			files = (
			);
			inputFileListPaths = (
				"${PODS_ROOT}/Target Support Files/Pods-TFY_ImageresizerView/Pods-TFY_ImageresizerView-frameworks-${CONFIGURATION}-input-files.xcfilelist",
			);
			name = "[CP] Embed Pods Frameworks";
			outputFileListPaths = (
				"${PODS_ROOT}/Target Support Files/Pods-TFY_ImageresizerView/Pods-TFY_ImageresizerView-frameworks-${CONFIGURATION}-output-files.xcfilelist",
			);
			runOnlyForDeploymentPostprocessing = 0;
			shellPath = /bin/sh;
			shellScript = "\"${PODS_ROOT}/Target Support Files/Pods-TFY_ImageresizerView/Pods-TFY_ImageresizerView-frameworks.sh\"\n";
			showEnvVarsInLog = 0;
		};
		88C76799787E64D63AFA937C /* [CP] Check Pods Manifest.lock */ = {
			isa = PBXShellScriptBuildPhase;
			buildActionMask = 2147483647;
			files = (
			);
			inputFileListPaths = (
			);
			inputPaths = (
				"${PODS_PODFILE_DIR_PATH}/Podfile.lock",
				"${PODS_ROOT}/Manifest.lock",
			);
			name = "[CP] Check Pods Manifest.lock";
			outputFileListPaths = (
			);
			outputPaths = (
				"$(DERIVED_FILE_DIR)/Pods-TFY_ImageresizerView-checkManifestLockResult.txt",
			);
			runOnlyForDeploymentPostprocessing = 0;
			shellPath = /bin/sh;
			shellScript = "diff \"${PODS_PODFILE_DIR_PATH}/Podfile.lock\" \"${PODS_ROOT}/Manifest.lock\" > /dev/null\nif [ $? != 0 ] ; then\n    # print error to STDERR\n    echo \"error: The sandbox is not in sync with the Podfile.lock. Run 'pod install' or update your CocoaPods installation.\" >&2\n    exit 1\nfi\n# This output is used by Xcode 'outputs' to avoid re-running this script phase.\necho \"SUCCESS\" > \"${SCRIPT_OUTPUT_FILE_0}\"\n";
			showEnvVarsInLog = 0;
		};
		C5205C37AA3F6953EE13D097 /* [CP] Check Pods Manifest.lock */ = {
			isa = PBXShellScriptBuildPhase;
			buildActionMask = 2147483647;
			files = (
			);
			inputFileListPaths = (
			);
			inputPaths = (
				"${PODS_PODFILE_DIR_PATH}/Podfile.lock",
				"${PODS_ROOT}/Manifest.lock",
			);
			name = "[CP] Check Pods Manifest.lock";
			outputFileListPaths = (
			);
			outputPaths = (
				"$(DERIVED_FILE_DIR)/Pods-TFY_ImageresizerView-TFY_ImageresizerViewUITests-checkManifestLockResult.txt",
			);
			runOnlyForDeploymentPostprocessing = 0;
			shellPath = /bin/sh;
			shellScript = "diff \"${PODS_PODFILE_DIR_PATH}/Podfile.lock\" \"${PODS_ROOT}/Manifest.lock\" > /dev/null\nif [ $? != 0 ] ; then\n    # print error to STDERR\n    echo \"error: The sandbox is not in sync with the Podfile.lock. Run 'pod install' or update your CocoaPods installation.\" >&2\n    exit 1\nfi\n# This output is used by Xcode 'outputs' to avoid re-running this script phase.\necho \"SUCCESS\" > \"${SCRIPT_OUTPUT_FILE_0}\"\n";
			showEnvVarsInLog = 0;
		};
		DE21A9E73C4D98643332D485 /* [CP] Embed Pods Frameworks */ = {
			isa = PBXShellScriptBuildPhase;
			buildActionMask = 2147483647;
			files = (
			);
			inputFileListPaths = (
				"${PODS_ROOT}/Target Support Files/Pods-TFY_ImageresizerView-TFY_ImageresizerViewUITests/Pods-TFY_ImageresizerView-TFY_ImageresizerViewUITests-frameworks-${CONFIGURATION}-input-files.xcfilelist",
			);
			name = "[CP] Embed Pods Frameworks";
			outputFileListPaths = (
				"${PODS_ROOT}/Target Support Files/Pods-TFY_ImageresizerView-TFY_ImageresizerViewUITests/Pods-TFY_ImageresizerView-TFY_ImageresizerViewUITests-frameworks-${CONFIGURATION}-output-files.xcfilelist",
			);
			runOnlyForDeploymentPostprocessing = 0;
			shellPath = /bin/sh;
			shellScript = "\"${PODS_ROOT}/Target Support Files/Pods-TFY_ImageresizerView-TFY_ImageresizerViewUITests/Pods-TFY_ImageresizerView-TFY_ImageresizerViewUITests-frameworks.sh\"\n";
			showEnvVarsInLog = 0;
		};
		F2BD8753DFD8A2C102ED968E /* [CP] Check Pods Manifest.lock */ = {
			isa = PBXShellScriptBuildPhase;
			buildActionMask = 2147483647;
			files = (
			);
			inputFileListPaths = (
			);
			inputPaths = (
				"${PODS_PODFILE_DIR_PATH}/Podfile.lock",
				"${PODS_ROOT}/Manifest.lock",
			);
			name = "[CP] Check Pods Manifest.lock";
			outputFileListPaths = (
			);
			outputPaths = (
				"$(DERIVED_FILE_DIR)/Pods-TFY_ImageresizerViewTests-checkManifestLockResult.txt",
			);
			runOnlyForDeploymentPostprocessing = 0;
			shellPath = /bin/sh;
			shellScript = "diff \"${PODS_PODFILE_DIR_PATH}/Podfile.lock\" \"${PODS_ROOT}/Manifest.lock\" > /dev/null\nif [ $? != 0 ] ; then\n    # print error to STDERR\n    echo \"error: The sandbox is not in sync with the Podfile.lock. Run 'pod install' or update your CocoaPods installation.\" >&2\n    exit 1\nfi\n# This output is used by Xcode 'outputs' to avoid re-running this script phase.\necho \"SUCCESS\" > \"${SCRIPT_OUTPUT_FILE_0}\"\n";
			showEnvVarsInLog = 0;
		};
/* End PBXShellScriptBuildPhase section */

/* Begin PBXSourcesBuildPhase section */
		36E12494249DFE2D00077563 /* Sources */ = {
			isa = PBXSourcesBuildPhase;
			buildActionMask = 2147483647;
			files = (
				36858F97249ED0ED00C1903F /* AttachmentFlowLayout.m in Sources */,
				565EB7DF24A07A2300DED939 /* UIImage+TFY_ImageLayer.m in Sources */,
				36E1250F249E2A8500077563 /* UIWindow+TFY_Tools.m in Sources */,
				366D6EDD24E655BD004F6754 /* TFY_ExportCancelView.m in Sources */,
				36E124DD249DFEE100077563 /* AppDelegate.m in Sources */,
				366D6F1724E69109004F6754 /* TFY_ListViewCell.m in Sources */,
				36858F91249ECD5400C1903F /* ShapeListViewController.m in Sources */,
				366D6F1624E69109004F6754 /* TFY_ListViewFlowLayout.m in Sources */,
				565EB7E224A07A2300DED939 /* TFY_ImageresizerConfigure.m in Sources */,
				565EB7E524A086E300DED939 /* TFY_PhotoTool.m in Sources */,
				36E12506249E285700077563 /* TFY_SolveTool.m in Sources */,
				565EB7E124A07A2300DED939 /* TFY_ImageresizerFrame.m in Sources */,
				36858FA1249EEE4000C1903F /* UIFont+FontNameSize.m in Sources */,
				36E12513249E30B800077563 /* TFY_ImageController.m in Sources */,
				366D6ED724E633D5004F6754 /* TFY_ImageresizerTool.m in Sources */,
				36E12509249E294D00077563 /* NSString+TFY_Tools.m in Sources */,
				36E124DB249DFEE100077563 /* ViewController.m in Sources */,
				36E124DC249DFEE100077563 /* SceneDelegate.m in Sources */,
				36858F94249ECE0B00C1903F /* TFY_ImageViewsController.m in Sources */,
				366D6F1524E69109004F6754 /* TFY_ListViewController.m in Sources */,
				36E124AE249DFE3000077563 /* main.m in Sources */,
				36858F9A249ED19400C1903F /* ShapeMergeCell.m in Sources */,
				366D6F1424E69109004F6754 /* TFY_ClipViewController.m in Sources */,
				565EB7DE24A07A2300DED939 /* TFY_ImageresizerBlur.m in Sources */,
				366D6F1324E69109004F6754 /* TFY_ImagePickerController.m in Sources */,
				366D6ED424E631F2004F6754 /* TFY_ImageresizerSlider.m in Sources */,
				366D6F1224E69109004F6754 /* UIAlertController+TFY_Tools.m in Sources */,
				36C3349524ECBD6300DA6FB2 /* TFY_ImagePickerTools.m in Sources */,
			);
			runOnlyForDeploymentPostprocessing = 0;
		};
		36E124AF249DFE3000077563 /* Sources */ = {
			isa = PBXSourcesBuildPhase;
			buildActionMask = 2147483647;
			files = (
			);
			runOnlyForDeploymentPostprocessing = 0;
		};
		36E124BA249DFE3000077563 /* Sources */ = {
			isa = PBXSourcesBuildPhase;
			buildActionMask = 2147483647;
			files = (
				36E124C3249DFE3000077563 /* TFY_ImageresizerViewUITests.m in Sources */,
			);
			runOnlyForDeploymentPostprocessing = 0;
		};
/* End PBXSourcesBuildPhase section */

/* Begin PBXTargetDependency section */
		36E124C0249DFE3000077563 /* PBXTargetDependency */ = {
			isa = PBXTargetDependency;
			target = 36E12497249DFE2D00077563 /* TFY_ImageresizerView */;
			targetProxy = 36E124BF249DFE3000077563 /* PBXContainerItemProxy */;
		};
/* End PBXTargetDependency section */

/* Begin PBXVariantGroup section */
		36E124A9249DFE3000077563 /* LaunchScreen.storyboard */ = {
			isa = PBXVariantGroup;
			children = (
				36E124AA249DFE3000077563 /* Base */,
			);
			name = LaunchScreen.storyboard;
			sourceTree = "<group>";
		};
/* End PBXVariantGroup section */

/* Begin XCBuildConfiguration section */
		36E124C5249DFE3000077563 /* Debug */ = {
			isa = XCBuildConfiguration;
			buildSettings = {
				ALWAYS_SEARCH_USER_PATHS = NO;
				CLANG_ANALYZER_NONNULL = YES;
				CLANG_ANALYZER_NUMBER_OBJECT_CONVERSION = YES_AGGRESSIVE;
				CLANG_CXX_LANGUAGE_STANDARD = "gnu++14";
				CLANG_CXX_LIBRARY = "libc++";
				CLANG_ENABLE_MODULES = YES;
				CLANG_ENABLE_OBJC_ARC = YES;
				CLANG_ENABLE_OBJC_WEAK = YES;
				CLANG_WARN_BLOCK_CAPTURE_AUTORELEASING = YES;
				CLANG_WARN_BOOL_CONVERSION = YES;
				CLANG_WARN_COMMA = YES;
				CLANG_WARN_CONSTANT_CONVERSION = YES;
				CLANG_WARN_DEPRECATED_OBJC_IMPLEMENTATIONS = YES;
				CLANG_WARN_DIRECT_OBJC_ISA_USAGE = YES_ERROR;
				CLANG_WARN_DOCUMENTATION_COMMENTS = YES;
				CLANG_WARN_EMPTY_BODY = YES;
				CLANG_WARN_ENUM_CONVERSION = YES;
				CLANG_WARN_INFINITE_RECURSION = YES;
				CLANG_WARN_INT_CONVERSION = YES;
				CLANG_WARN_NON_LITERAL_NULL_CONVERSION = YES;
				CLANG_WARN_OBJC_IMPLICIT_RETAIN_SELF = YES;
				CLANG_WARN_OBJC_LITERAL_CONVERSION = YES;
				CLANG_WARN_OBJC_ROOT_CLASS = YES_ERROR;
				CLANG_WARN_QUOTED_INCLUDE_IN_FRAMEWORK_HEADER = YES;
				CLANG_WARN_RANGE_LOOP_ANALYSIS = YES;
				CLANG_WARN_STRICT_PROTOTYPES = YES;
				CLANG_WARN_SUSPICIOUS_MOVE = YES;
				CLANG_WARN_UNGUARDED_AVAILABILITY = YES_AGGRESSIVE;
				CLANG_WARN_UNREACHABLE_CODE = YES;
				CLANG_WARN__DUPLICATE_METHOD_MATCH = YES;
				COPY_PHASE_STRIP = NO;
				DEBUG_INFORMATION_FORMAT = dwarf;
				ENABLE_STRICT_OBJC_MSGSEND = YES;
				ENABLE_TESTABILITY = YES;
				GCC_C_LANGUAGE_STANDARD = gnu11;
				GCC_DYNAMIC_NO_PIC = NO;
				GCC_NO_COMMON_BLOCKS = YES;
				GCC_OPTIMIZATION_LEVEL = 0;
				GCC_PREPROCESSOR_DEFINITIONS = (
					"DEBUG=1",
					"$(inherited)",
				);
				GCC_WARN_64_TO_32_BIT_CONVERSION = YES;
				GCC_WARN_ABOUT_RETURN_TYPE = YES_ERROR;
				GCC_WARN_UNDECLARED_SELECTOR = YES;
				GCC_WARN_UNINITIALIZED_AUTOS = YES_AGGRESSIVE;
				GCC_WARN_UNUSED_FUNCTION = YES;
				GCC_WARN_UNUSED_VARIABLE = YES;
				IPHONEOS_DEPLOYMENT_TARGET = 15.0;
				MTL_ENABLE_DEBUG_INFO = INCLUDE_SOURCE;
				MTL_FAST_MATH = YES;
				ONLY_ACTIVE_ARCH = YES;
				SDKROOT = iphoneos;
			};
			name = Debug;
		};
		36E124C6249DFE3000077563 /* Release */ = {
			isa = XCBuildConfiguration;
			buildSettings = {
				ALWAYS_SEARCH_USER_PATHS = NO;
				CLANG_ANALYZER_NONNULL = YES;
				CLANG_ANALYZER_NUMBER_OBJECT_CONVERSION = YES_AGGRESSIVE;
				CLANG_CXX_LANGUAGE_STANDARD = "gnu++14";
				CLANG_CXX_LIBRARY = "libc++";
				CLANG_ENABLE_MODULES = YES;
				CLANG_ENABLE_OBJC_ARC = YES;
				CLANG_ENABLE_OBJC_WEAK = YES;
				CLANG_WARN_BLOCK_CAPTURE_AUTORELEASING = YES;
				CLANG_WARN_BOOL_CONVERSION = YES;
				CLANG_WARN_COMMA = YES;
				CLANG_WARN_CONSTANT_CONVERSION = YES;
				CLANG_WARN_DEPRECATED_OBJC_IMPLEMENTATIONS = YES;
				CLANG_WARN_DIRECT_OBJC_ISA_USAGE = YES_ERROR;
				CLANG_WARN_DOCUMENTATION_COMMENTS = YES;
				CLANG_WARN_EMPTY_BODY = YES;
				CLANG_WARN_ENUM_CONVERSION = YES;
				CLANG_WARN_INFINITE_RECURSION = YES;
				CLANG_WARN_INT_CONVERSION = YES;
				CLANG_WARN_NON_LITERAL_NULL_CONVERSION = YES;
				CLANG_WARN_OBJC_IMPLICIT_RETAIN_SELF = YES;
				CLANG_WARN_OBJC_LITERAL_CONVERSION = YES;
				CLANG_WARN_OBJC_ROOT_CLASS = YES_ERROR;
				CLANG_WARN_QUOTED_INCLUDE_IN_FRAMEWORK_HEADER = YES;
				CLANG_WARN_RANGE_LOOP_ANALYSIS = YES;
				CLANG_WARN_STRICT_PROTOTYPES = YES;
				CLANG_WARN_SUSPICIOUS_MOVE = YES;
				CLANG_WARN_UNGUARDED_AVAILABILITY = YES_AGGRESSIVE;
				CLANG_WARN_UNREACHABLE_CODE = YES;
				CLANG_WARN__DUPLICATE_METHOD_MATCH = YES;
				COPY_PHASE_STRIP = NO;
				DEBUG_INFORMATION_FORMAT = "dwarf-with-dsym";
				ENABLE_NS_ASSERTIONS = NO;
				ENABLE_STRICT_OBJC_MSGSEND = YES;
				GCC_C_LANGUAGE_STANDARD = gnu11;
				GCC_NO_COMMON_BLOCKS = YES;
				GCC_WARN_64_TO_32_BIT_CONVERSION = YES;
				GCC_WARN_ABOUT_RETURN_TYPE = YES_ERROR;
				GCC_WARN_UNDECLARED_SELECTOR = YES;
				GCC_WARN_UNINITIALIZED_AUTOS = YES_AGGRESSIVE;
				GCC_WARN_UNUSED_FUNCTION = YES;
				GCC_WARN_UNUSED_VARIABLE = YES;
				IPHONEOS_DEPLOYMENT_TARGET = 15.0;
				MTL_ENABLE_DEBUG_INFO = NO;
				MTL_FAST_MATH = YES;
				SDKROOT = iphoneos;
				VALIDATE_PRODUCT = YES;
			};
			name = Release;
		};
		36E124C8249DFE3000077563 /* Debug */ = {
			isa = XCBuildConfiguration;
			baseConfigurationReference = 0C3EC4DA3785B319E452B83B /* Pods-TFY_ImageresizerView.debug.xcconfig */;
			buildSettings = {
				ASSETCATALOG_COMPILER_APPICON_NAME = AppIcon;
				CODE_SIGN_STYLE = Automatic;
				CURRENT_PROJECT_VERSION = 1.0.0;
				DEVELOPMENT_TEAM = QH95759TSS;
				GCC_PRECOMPILE_PREFIX_HEADER = YES;
				GCC_PREFIX_HEADER = TFY_ImageresizerView/TFY_PCH/TFY_PrefixHeader.pch;
				INFOPLIST_FILE = TFY_ImageresizerView/Info.plist;
				IPHONEOS_DEPLOYMENT_TARGET = 12.0;
				LD_RUNPATH_SEARCH_PATHS = (
					"$(inherited)",
					"@executable_path/Frameworks",
				);
				MARKETING_VERSION = 1.0.0;
				PRODUCT_BUNDLE_IDENTIFIER = "com.LMcompany.TFY-ImageresizerView";
				PRODUCT_NAME = "图片裁剪";
				TARGETED_DEVICE_FAMILY = "1,2";
			};
			name = Debug;
		};
		36E124C9249DFE3000077563 /* Release */ = {
			isa = XCBuildConfiguration;
			baseConfigurationReference = F9F62C7CA5069A26F253BB5E /* Pods-TFY_ImageresizerView.release.xcconfig */;
			buildSettings = {
				ASSETCATALOG_COMPILER_APPICON_NAME = AppIcon;
				CODE_SIGN_STYLE = Automatic;
				CURRENT_PROJECT_VERSION = 1.0.0;
				DEVELOPMENT_TEAM = QH95759TSS;
				GCC_PRECOMPILE_PREFIX_HEADER = YES;
				GCC_PREFIX_HEADER = TFY_ImageresizerView/TFY_PCH/TFY_PrefixHeader.pch;
				INFOPLIST_FILE = TFY_ImageresizerView/Info.plist;
				IPHONEOS_DEPLOYMENT_TARGET = 12.0;
				LD_RUNPATH_SEARCH_PATHS = (
					"$(inherited)",
					"@executable_path/Frameworks",
				);
				MARKETING_VERSION = 1.0.0;
				PRODUCT_BUNDLE_IDENTIFIER = "com.LMcompany.TFY-ImageresizerView";
				PRODUCT_NAME = "图片裁剪";
				TARGETED_DEVICE_FAMILY = "1,2";
			};
			name = Release;
		};
		36E124CB249DFE3000077563 /* Debug */ = {
			isa = XCBuildConfiguration;
			baseConfigurationReference = 3743B44BA1EA19383D822406 /* Pods-TFY_ImageresizerViewTests.debug.xcconfig */;
			buildSettings = {
				BUNDLE_LOADER = "$(TEST_HOST)";
				CODE_SIGN_STYLE = Automatic;
				DEVELOPMENT_TEAM = 64D5XK3FBF;
				INFOPLIST_FILE = TFY_ImageresizerViewTests/Info.plist;
				IPHONEOS_DEPLOYMENT_TARGET = 13.5;
				LD_RUNPATH_SEARCH_PATHS = (
					"$(inherited)",
					"@executable_path/Frameworks",
					"@loader_path/Frameworks",
				);
				PRODUCT_BUNDLE_IDENTIFIER = "com.LMcompany.TFY-ImageresizerViewTests";
				PRODUCT_NAME = "$(TARGET_NAME)";
				TARGETED_DEVICE_FAMILY = "1,2";
				TEST_HOST = "$(BUILT_PRODUCTS_DIR)/TFY_ImageresizerView.app/TFY_ImageresizerView";
			};
			name = Debug;
		};
		36E124CC249DFE3000077563 /* Release */ = {
			isa = XCBuildConfiguration;
			baseConfigurationReference = 16B020BFB4134B0D69D3C6CC /* Pods-TFY_ImageresizerViewTests.release.xcconfig */;
			buildSettings = {
				BUNDLE_LOADER = "$(TEST_HOST)";
				CODE_SIGN_STYLE = Automatic;
				DEVELOPMENT_TEAM = 64D5XK3FBF;
				INFOPLIST_FILE = TFY_ImageresizerViewTests/Info.plist;
				IPHONEOS_DEPLOYMENT_TARGET = 13.5;
				LD_RUNPATH_SEARCH_PATHS = (
					"$(inherited)",
					"@executable_path/Frameworks",
					"@loader_path/Frameworks",
				);
				PRODUCT_BUNDLE_IDENTIFIER = "com.LMcompany.TFY-ImageresizerViewTests";
				PRODUCT_NAME = "$(TARGET_NAME)";
				TARGETED_DEVICE_FAMILY = "1,2";
				TEST_HOST = "$(BUILT_PRODUCTS_DIR)/TFY_ImageresizerView.app/TFY_ImageresizerView";
			};
			name = Release;
		};
		36E124CE249DFE3000077563 /* Debug */ = {
			isa = XCBuildConfiguration;
			baseConfigurationReference = CA92D871934443CCF85952E0 /* Pods-TFY_ImageresizerView-TFY_ImageresizerViewUITests.debug.xcconfig */;
			buildSettings = {
				CODE_SIGN_STYLE = Automatic;
				DEVELOPMENT_TEAM = 64D5XK3FBF;
				INFOPLIST_FILE = TFY_ImageresizerViewUITests/Info.plist;
				LD_RUNPATH_SEARCH_PATHS = (
					"$(inherited)",
					"@executable_path/Frameworks",
					"@loader_path/Frameworks",
				);
				PRODUCT_BUNDLE_IDENTIFIER = "com.LMcompany.TFY-ImageresizerViewUITests";
				PRODUCT_NAME = "$(TARGET_NAME)";
				TARGETED_DEVICE_FAMILY = "1,2";
				TEST_TARGET_NAME = TFY_ImageresizerView;
			};
			name = Debug;
		};
		36E124CF249DFE3000077563 /* Release */ = {
			isa = XCBuildConfiguration;
			baseConfigurationReference = 9933DA01232BFE672335564F /* Pods-TFY_ImageresizerView-TFY_ImageresizerViewUITests.release.xcconfig */;
			buildSettings = {
				CODE_SIGN_STYLE = Automatic;
				DEVELOPMENT_TEAM = 64D5XK3FBF;
				INFOPLIST_FILE = TFY_ImageresizerViewUITests/Info.plist;
				LD_RUNPATH_SEARCH_PATHS = (
					"$(inherited)",
					"@executable_path/Frameworks",
					"@loader_path/Frameworks",
				);
				PRODUCT_BUNDLE_IDENTIFIER = "com.LMcompany.TFY-ImageresizerViewUITests";
				PRODUCT_NAME = "$(TARGET_NAME)";
				TARGETED_DEVICE_FAMILY = "1,2";
				TEST_TARGET_NAME = TFY_ImageresizerView;
			};
			name = Release;
		};
/* End XCBuildConfiguration section */

/* Begin XCConfigurationList section */
		36E12493249DFE2D00077563 /* Build configuration list for PBXProject "TFY_ImageresizerView" */ = {
			isa = XCConfigurationList;
			buildConfigurations = (
				36E124C5249DFE3000077563 /* Debug */,
				36E124C6249DFE3000077563 /* Release */,
			);
			defaultConfigurationIsVisible = 0;
			defaultConfigurationName = Release;
		};
		36E124C7249DFE3000077563 /* Build configuration list for PBXNativeTarget "TFY_ImageresizerView" */ = {
			isa = XCConfigurationList;
			buildConfigurations = (
				36E124C8249DFE3000077563 /* Debug */,
				36E124C9249DFE3000077563 /* Release */,
			);
			defaultConfigurationIsVisible = 0;
			defaultConfigurationName = Release;
		};
		36E124CA249DFE3000077563 /* Build configuration list for PBXNativeTarget "TFY_ImageresizerViewTests" */ = {
			isa = XCConfigurationList;
			buildConfigurations = (
				36E124CB249DFE3000077563 /* Debug */,
				36E124CC249DFE3000077563 /* Release */,
			);
			defaultConfigurationIsVisible = 0;
			defaultConfigurationName = Release;
		};
		36E124CD249DFE3000077563 /* Build configuration list for PBXNativeTarget "TFY_ImageresizerViewUITests" */ = {
			isa = XCConfigurationList;
			buildConfigurations = (
				36E124CE249DFE3000077563 /* Debug */,
				36E124CF249DFE3000077563 /* Release */,
			);
			defaultConfigurationIsVisible = 0;
			defaultConfigurationName = Release;
		};
/* End XCConfigurationList section */
	};
	rootObject = 36E12490249DFE2D00077563 /* Project object */;
}
